
Microsoft Visual Studio Solution File, Format Version 12.00
# Visual Studio Version 17
VisualStudioVersion = 17.3.32901.215
MinimumVisualStudioVersion = 10.0.40219.1
Project("{FAE04EC0-301F-11D3-BF4B-00C04F79EFBC}") = "Romiya D3(Employee)", "Romiya D3(Employee)\Romiya D3(Employee).csproj", "{8A6222A1-1E3A-48DE-A9A2-B735E97CF451}"
EndProject
Global
	GlobalSection(SolutionConfigurationPlatforms) = preSolution
		Debug|Any CPU = Debug|Any CPU
		Release|Any CPU = Release|Any CPU
	EndGlobalSection
	GlobalSection(ProjectConfigurationPlatforms) = postSolution
		{8A6222A1-1E3A-48DE-A9A2-B735E97CF451}.Debug|Any CPU.ActiveCfg = Debug|Any CPU
		{8A6222A1-1E3A-48DE-A9A2-B735E97CF451}.Debug|Any CPU.Build.0 = Debug|Any CPU
		{8A6222A1-1E3A-48DE-A9A2-B735E97CF451}.Release|Any CPU.ActiveCfg = Release|Any CPU
		{8A6222A1-1E3A-48DE-A9A2-B735E97CF451}.Release|Any CPU.Build.0 = Release|Any CPU
	EndGlobalSection
	GlobalSection(SolutionProperties) = preSolution
		HideSolutionNode = FALSE
	EndGlobalSection
	GlobalSection(ExtensibilityGlobals) = postSolution
		SolutionGuid = {B694E598-2B3E-4668-B61A-1D03DADD9686}
	EndGlobalSection
EndGlobal
