
Microsoft Visual Studio Solution File, Format Version 12.00
# Visual Studio Version 16
VisualStudioVersion = 16.0.32413.511
MinimumVisualStudioVersion = 10.0.40219.1
Project("{FAE04EC0-301F-11D3-BF4B-00C04F79EFBC}") = "Romiya D1", "Romiya D1\Romiya D1.csproj", "{80B07EF5-6D71-4AF3-B5AA-2E5BED5096F3}"
EndProject
Global
	GlobalSection(SolutionConfigurationPlatforms) = preSolution
		Debug|Any CPU = Debug|Any CPU
		Release|Any CPU = Release|Any CPU
	EndGlobalSection
	GlobalSection(ProjectConfigurationPlatforms) = postSolution
		{80B07EF5-6D71-4AF3-B5AA-2E5BED5096F3}.Debug|Any CPU.ActiveCfg = Debug|Any CPU
		{80B07EF5-6D71-4AF3-B5AA-2E5BED5096F3}.Debug|Any CPU.Build.0 = Debug|Any CPU
		{80B07EF5-6D71-4AF3-B5AA-2E5BED5096F3}.Release|Any CPU.ActiveCfg = Release|Any CPU
		{80B07EF5-6D71-4AF3-B5AA-2E5BED5096F3}.Release|Any CPU.Build.0 = Release|Any CPU
	EndGlobalSection
	GlobalSection(SolutionProperties) = preSolution
		HideSolutionNode = FALSE
	EndGlobalSection
	GlobalSection(ExtensibilityGlobals) = postSolution
		SolutionGuid = {F7AF54AF-1089-445C-9E85-E0963A161DCA}
	EndGlobalSection
EndGlobal
